{
  "lockfileVersion": 3,
  "name": "english-grammar",
  "version": "0.0.1",
  "requires": true,
  "packages": {
    "": {
      "name": "english-grammar",
      "version": "0.0.1",
      "dependencies": {
        "react": "^18.2.0",
        "react-dom": "^18.2.0"
      },
      "devDependencies": {
        "@types/react": "^18.2.43",
        "@types/react-dom": "^18.2.17",
        "@vitejs/plugin-react": "^4.2.1",
        "gh-pages": "^6.1.1",
        "vite": "^5.0.8"
      }
    },
    "node_modules/@types/react": {
      "version": "18.2.43",
      "resolved": "https://registry.npmjs.org/@types/react/-/react-18.2.43.tgz",
      "integrity": "sha512-m9pJ5Y8AhypH0DXUd27BYx2tZTpHm33rIOOyWgYYE+OMB6AYQFQvKlR2RyH0r1Q1eFx5dckpZqZjhqjGvhJvA==",
      "dependencies": {
        "@types/prop-types": "*",
        "@types/scheduler": "*",
        "csstype": "^3.0.2"
      }
    },
    "node_modules/@types/react-dom": {
      "version": "18.2.17",
      "resolved": "https://registry.npmjs.org/@types/react-dom/-/react-dom-18.2.17.tgz",
      "integrity": "sha512-rvrKX3Lry2JIJrFH+85CCwUAMCWB+/HCakXyVbV6BNrYXccBrs2bnsnQH6FFhnbryMmVVTpKvfRrf1XjwA6xg==",
      "dependencies": {
        "@types/react": "^18.0.0"
      }
    },
    "node_modules/@types/prop-types": {
      "version": "15.7.5",
      "resolved": "https://registry.npmjs.org/@types/prop-types/-/prop-types-15.7.5.tgz",
      "integrity": "sha512-JCB5VoiWWvsD1bozZJ9XscjI0S/tQeaA9v+7A11sGpm16aY5o8xfrIAIctER7T5/PoV0AWnxyqNYtz4Z6sTmQ=="
    },
    "node_modules/@types/scheduler": {
      "version": "0.16.4",
      "resolved": "https://registry.npmjs.org/@types/scheduler/-/scheduler-0.16.4.tgz",
      "integrity": "sha512-2L9ifAGl7wmSvkH+V78oNIsB64nXEopo8q7IjDQy6yPSB4i5qWe/fP8QtsYfc+cxqyT/79tcPe4ymarks74i5w=="
    },
    "node_modules/csstype": {
      "version": "3.1.2",
      "resolved": "https://registry.npmjs.org/csstype/-/csstype-3.1.2.tgz",
      "integrity": "sha512-I7K1Uu0mpd56Nt/+gdV8+x2pFMojnQ6Mw17JSBfuP3SNlrdCabc9nMNXD3OtrI2ghAs+pnqP4fbsTqdkccxGA=="
    },
    "node_modules/react": {
      "version": "18.2.0",
      "resolved": "https://registry.npmjs.org/react/-/react-18.2.0.tgz",
      "integrity": "sha512-/3IjMdb2cLJ+cOi7ari3go41fLZnljj7NK915O0J7eUCdzeo+F5BcgIAF0I1x4t6u7sxG7ugDTeVWhVY979XEw==",
      "dependencies": {
        "loose-envify": "^1.1.0"
      },
      "engines": {
        "node": ">=0.10.0"
      }
    },
    "node_modules/react-dom": {
      "version": "18.2.0",
      "resolved": "https://registry.npmjs.org/react-dom/-/react-dom-18.2.0.tgz",
      "integrity": "sha512-6IMTriUmvsjHUjNtEDudZfuVQUcSyWk6DDwlNYaL1Q1VstiKxBvVPiByPiVzQNzrZhe8nqWZSwNikT9fakL0EA==",
      "dependencies": {
        "loose-envify": "^1.1.0",
        "scheduler": "^0.23.0"
      },
      "peerDependencies": {
        "react": "^18.2.0"
      }
    },
    "node_modules/loose-envify": {
      "version": "1.4.0",
      "resolved": "https://registry.npmjs.org/loose-envify/-/loose-envify-1.4.0.tgz",
      "integrity": "sha512-lyuxPGr/Wfhrlem2CL/UcnUc1zcqKAImBFactoroGqa5aJMicer+QTA8Z0j/NmupNf3389HA7denegc6mUnyewQ==",
      "bin": {
        "loose-envify": "cli.js"
      }
    },
    "node_modules/scheduler": {
      "version": "0.23.0",
      "resolved": "https://registry.npmjs.org/scheduler/-/scheduler-0.23.0.tgz",
      "integrity": "sha512-CtuP6ZKUvB3K+fUv2dzKid7g3By0nHCbechwr4sWVgSAYujji2EA7PJprUO7bj370klQJQtACKzGL+3gSjCFg=="
    },
    "node_modules/@vitejs/plugin-react": {
      "version": "4.2.1",
      "resolved": "https://registry.npmjs.org/@vitejs/plugin-react/-/plugin-react-4.2.1.tgz",
      "integrity": "sha512-oojO9IDc4qCmQ4Z1hAU8DIIVHXi+yMXsPT1+sMbDkUouWmEDVFsMaxGBVl596R3c3/xXQcSt6M0FEC6lV7oP3w==",
      "dev": true,
      "dependencies": {
        "@babel/helper-plugin-utils": "^7.22.5",
        "@babel/plugin-transform-react-jsx": "^7.22.15",
        "@babel/plugin-transform-react-jsx-development": "^7.22.5"
      },
      "engines": {
        "node": "^14.18.0 || >=16.0.0"
      },
      "peerDependencies": {
        "vite": "^4.2.0 || ^5.0.0-0"
      }
    },
    "node_modules/vite": {
      "version": "5.0.8",
      "resolved": "https://registry.npmjs.org/vite/-/vite-5.0.8.tgz",
      "integrity": "sha512-NGdeCHcSLkCp+6rmcB+zNGUvu+2o8rFFsZ+XPlZ6yijAbcSsgEirMPDEiMSHqKeS/1+ncommceuJfzwhZo5E0A==",
      "dev": true,
      "bin": {
        "vite": "bin/vite.js"
      },
      "engines": {
        "node": "^18.0.0 || >=20.0.0"
      },
      "optionalDependencies": {
        "fsevents": "~2.3.2"
      }
    },
    "node_modules/gh-pages": {
      "version": "6.1.1",
      "resolved": "https://registry.npmjs.org/gh-pages/-/gh-pages-6.1.1.tgz",
      "integrity": "sha512-Afb2TOiE2A2Yy3+IFkVQlC1v4wFT7P2zuRtenv5minimal2xD3BrctLTp5GXjXDUaquP50j76JUNmRyMnRdIIWFQ==",
      "dev": true,
      "bin": {
        "gh-pages": "bin/gh-pages.js"
      },
      "engines": {
        "node": ">=16"
      }
    }
  }
}
